
Microsoft Visual Studio Solution File, Format Version 12.00
# Visual Studio Version 17
VisualStudioVersion = 17.2.32630.192
MinimumVisualStudioVersion = 10.0.40219.1
Project("{FAE04EC0-301F-11D3-BF4B-00C04F79EFBC}") = "BootStrap_V5UpdateTest", "BootStrap_V5UpdateTest.csproj", "{4C5EC033-F318-4A0E-A4CD-FE32404BDDD5}"
EndProject
Global
	GlobalSection(SolutionConfigurationPlatforms) = preSolution
		Debug|Any CPU = Debug|Any CPU
		Release|Any CPU = Release|Any CPU
	EndGlobalSection
	GlobalSection(ProjectConfigurationPlatforms) = postSolution
		{4C5EC033-F318-4A0E-A4CD-FE32404BDDD5}.Debug|Any CPU.ActiveCfg = Debug|Any CPU
		{4C5EC033-F318-4A0E-A4CD-FE32404BDDD5}.Debug|Any CPU.Build.0 = Debug|Any CPU
		{4C5EC033-F318-4A0E-A4CD-FE32404BDDD5}.Release|Any CPU.ActiveCfg = Release|Any CPU
		{4C5EC033-F318-4A0E-A4CD-FE32404BDDD5}.Release|Any CPU.Build.0 = Release|Any CPU
	EndGlobalSection
	GlobalSection(SolutionProperties) = preSolution
		HideSolutionNode = FALSE
	EndGlobalSection
	GlobalSection(ExtensibilityGlobals) = postSolution
		SolutionGuid = {6F93C3A9-8CF3-4897-BE61-67FD7472CE4C}
	EndGlobalSection
EndGlobal
